PODS:
  - ff-ios-client-sdk (1.0.2)
  - ff_flutter_client_sdk (1.0.1):
    - ff-ios-client-sdk
    - Flutter
  - Flutter (1.0.0)

DEPENDENCIES:
  - ff_flutter_client_sdk (from `.symlinks/plugins/ff_flutter_client_sdk/ios`)
  - Flutter (from `Flutter`)

SPEC REPOS:
  trunk:
    - ff-ios-client-sdk

EXTERNAL SOURCES:
  ff_flutter_client_sdk:
    :path: ".symlinks/plugins/ff_flutter_client_sdk/ios"
  Flutter:
    :path: Flutter

SPEC CHECKSUMS:
  ff-ios-client-sdk: d5211d5d85485e67fa32e51dd09931998c04c6b9
  ff_flutter_client_sdk: 94066a9ed431ac947de4a9a6169409403f3a311e
  Flutter: 434fef37c0980e73bb6479ef766c45957d4b510c

PODFILE CHECKSUM: fe0e1ee7f3d1f7d00b11b474b62dd62134535aea

COCOAPODS: 1.10.1
